
Microsoft Visual Studio Solution File, Format Version 12.00
# Visual Studio Version 17
VisualStudioVersion = 17.1.32210.238
MinimumVisualStudioVersion = 10.0.40219.1
Project("{9A19103F-16F7-4668-BE54-9A1E7A4F7556}") = "Bai.Media.Web", "Bai.Media.Web\Bai.Media.Web.csproj", "{77A4C994-FE0D-4146-A9CC-88A8A7CBE2DE}"
EndProject
Project("{2150E333-8FDC-42A3-9474-1A3956D46DE8}") = "Bai.General", "Bai.General", "{3C30064D-5726-4EA0-8CB7-4A1DB4875CFC}"
EndProject
Project("{9A19103F-16F7-4668-BE54-9A1E7A4F7556}") = "Bai.Domain.Settings", "..\Bai.Domain\Bai.Domain.Settings\Bai.Domain.Settings.csproj", "{BD3A64A2-C74D-4DEE-8371-DA154652D8FB}"
EndProject
Project("{9A19103F-16F7-4668-BE54-9A1E7A4F7556}") = "Bai.Domain.Constants", "..\Bai.Domain\Bai.Domain.Constants\Bai.Domain.Constants.csproj", "{F4F8C113-529D-4964-8359-9C28F38F1B6B}"
EndProject
Project("{9A19103F-16F7-4668-BE54-9A1E7A4F7556}") = "Bai.General.Swagger", "..\Bai.General\Bai.General.Swagger\Bai.General.Swagger.csproj", "{5D7B65A1-391E-4CCF-813C-09A531FEDC5E}"
EndProject
Project("{9A19103F-16F7-4668-BE54-9A1E7A4F7556}") = "Bai.General.ApplicationBuilder", "..\Bai.General\Bai.General.ApplicationBuilder\Bai.General.ApplicationBuilder.csproj", "{7B60AA7E-2789-4254-8ACE-5227206DCEDA}"
EndProject
Project("{9A19103F-16F7-4668-BE54-9A1E7A4F7556}") = "Bai.Media.DAL", "Bai.Media.DAL\Bai.Media.DAL.csproj", "{EB328A3E-4A54-41D6-B443-E717D4067642}"
EndProject
Project("{9A19103F-16F7-4668-BE54-9A1E7A4F7556}") = "Bai.Media.Migrations", "Bai.Media.Migrations\Bai.Media.Migrations.csproj", "{CA215B12-2436-45DF-82D6-C49A34A65365}"
EndProject
Project("{9A19103F-16F7-4668-BE54-9A1E7A4F7556}") = "Bai.General.DAL", "..\Bai.General\Bai.General.DAL\Bai.General.DAL.csproj", "{B916FD2E-F405-4FB1-989D-302DFB037AC7}"
EndProject
Project("{9A19103F-16F7-4668-BE54-9A1E7A4F7556}") = "Bai.General.DAL.Abstractions", "..\Bai.General\Bai.General.DAL.Abstractions\Bai.General.DAL.Abstractions.csproj", "{3E8307C0-0073-47EB-B0C5-E0F7477E0F39}"
EndProject
Project("{9A19103F-16F7-4668-BE54-9A1E7A4F7556}") = "Bai.General.Migrations", "..\Bai.General\Bai.General.Migrations\Bai.General.Migrations.csproj", "{A90BE472-2112-4CC2-B648-A1F2313C7D16}"
EndProject
Project("{2150E333-8FDC-42A3-9474-1A3956D46DE8}") = "Bai.Domain", "Bai.Domain", "{1146F17C-7C04-4BAF-A1A9-ECE793A02B72}"
EndProject
Project("{9A19103F-16F7-4668-BE54-9A1E7A4F7556}") = "Bai.General.API", "..\Bai.General\Bai.General.API\Bai.General.API.csproj", "{8C88C333-754F-4958-9955-2BDC75A1CB86}"
EndProject
Project("{9A19103F-16F7-4668-BE54-9A1E7A4F7556}") = "Bai.Media.Connector", "Bai.Media.Connector\Bai.Media.Connector.csproj", "{F3C2AB0D-2EC0-4517-9BB0-8FE217F307E9}"
EndProject
Project("{9A19103F-16F7-4668-BE54-9A1E7A4F7556}") = "Bai.General.Logs.Std", "..\Bai.General\Standard\Bai.General.Logs.Std\Bai.General.Logs.Std.csproj", "{B916EABD-3166-44D9-803D-D476EE99F2CA}"
EndProject
Global
	GlobalSection(SolutionConfigurationPlatforms) = preSolution
		Debug|Any CPU = Debug|Any CPU
		Release_Angular|Any CPU = Release_Angular|Any CPU
		Release|Any CPU = Release|Any CPU
	EndGlobalSection
	GlobalSection(ProjectConfigurationPlatforms) = postSolution
		{77A4C994-FE0D-4146-A9CC-88A8A7CBE2DE}.Debug|Any CPU.ActiveCfg = Debug|Any CPU
		{77A4C994-FE0D-4146-A9CC-88A8A7CBE2DE}.Debug|Any CPU.Build.0 = Debug|Any CPU
		{77A4C994-FE0D-4146-A9CC-88A8A7CBE2DE}.Release_Angular|Any CPU.ActiveCfg = Release|Any CPU
		{77A4C994-FE0D-4146-A9CC-88A8A7CBE2DE}.Release_Angular|Any CPU.Build.0 = Release|Any CPU
		{77A4C994-FE0D-4146-A9CC-88A8A7CBE2DE}.Release|Any CPU.ActiveCfg = Release|Any CPU
		{77A4C994-FE0D-4146-A9CC-88A8A7CBE2DE}.Release|Any CPU.Build.0 = Release|Any CPU
		{BD3A64A2-C74D-4DEE-8371-DA154652D8FB}.Debug|Any CPU.ActiveCfg = Debug|Any CPU
		{BD3A64A2-C74D-4DEE-8371-DA154652D8FB}.Debug|Any CPU.Build.0 = Debug|Any CPU
		{BD3A64A2-C74D-4DEE-8371-DA154652D8FB}.Release_Angular|Any CPU.ActiveCfg = Release_Angular|Any CPU
		{BD3A64A2-C74D-4DEE-8371-DA154652D8FB}.Release_Angular|Any CPU.Build.0 = Release_Angular|Any CPU
		{BD3A64A2-C74D-4DEE-8371-DA154652D8FB}.Release|Any CPU.ActiveCfg = Release|Any CPU
		{BD3A64A2-C74D-4DEE-8371-DA154652D8FB}.Release|Any CPU.Build.0 = Release|Any CPU
		{F4F8C113-529D-4964-8359-9C28F38F1B6B}.Debug|Any CPU.ActiveCfg = Debug|Any CPU
		{F4F8C113-529D-4964-8359-9C28F38F1B6B}.Debug|Any CPU.Build.0 = Debug|Any CPU
		{F4F8C113-529D-4964-8359-9C28F38F1B6B}.Release_Angular|Any CPU.ActiveCfg = Release_Angular|Any CPU
		{F4F8C113-529D-4964-8359-9C28F38F1B6B}.Release_Angular|Any CPU.Build.0 = Release_Angular|Any CPU
		{F4F8C113-529D-4964-8359-9C28F38F1B6B}.Release|Any CPU.ActiveCfg = Release|Any CPU
		{F4F8C113-529D-4964-8359-9C28F38F1B6B}.Release|Any CPU.Build.0 = Release|Any CPU
		{5D7B65A1-391E-4CCF-813C-09A531FEDC5E}.Debug|Any CPU.ActiveCfg = Debug|Any CPU
		{5D7B65A1-391E-4CCF-813C-09A531FEDC5E}.Debug|Any CPU.Build.0 = Debug|Any CPU
		{5D7B65A1-391E-4CCF-813C-09A531FEDC5E}.Release_Angular|Any CPU.ActiveCfg = Release|Any CPU
		{5D7B65A1-391E-4CCF-813C-09A531FEDC5E}.Release_Angular|Any CPU.Build.0 = Release|Any CPU
		{5D7B65A1-391E-4CCF-813C-09A531FEDC5E}.Release|Any CPU.ActiveCfg = Release|Any CPU
		{5D7B65A1-391E-4CCF-813C-09A531FEDC5E}.Release|Any CPU.Build.0 = Release|Any CPU
		{7B60AA7E-2789-4254-8ACE-5227206DCEDA}.Debug|Any CPU.ActiveCfg = Debug|Any CPU
		{7B60AA7E-2789-4254-8ACE-5227206DCEDA}.Debug|Any CPU.Build.0 = Debug|Any CPU
		{7B60AA7E-2789-4254-8ACE-5227206DCEDA}.Release_Angular|Any CPU.ActiveCfg = Release_Angular|Any CPU
		{7B60AA7E-2789-4254-8ACE-5227206DCEDA}.Release_Angular|Any CPU.Build.0 = Release_Angular|Any CPU
		{7B60AA7E-2789-4254-8ACE-5227206DCEDA}.Release|Any CPU.ActiveCfg = Release|Any CPU
		{7B60AA7E-2789-4254-8ACE-5227206DCEDA}.Release|Any CPU.Build.0 = Release|Any CPU
		{EB328A3E-4A54-41D6-B443-E717D4067642}.Debug|Any CPU.ActiveCfg = Debug|Any CPU
		{EB328A3E-4A54-41D6-B443-E717D4067642}.Debug|Any CPU.Build.0 = Debug|Any CPU
		{EB328A3E-4A54-41D6-B443-E717D4067642}.Release_Angular|Any CPU.ActiveCfg = Release|Any CPU
		{EB328A3E-4A54-41D6-B443-E717D4067642}.Release_Angular|Any CPU.Build.0 = Release|Any CPU
		{EB328A3E-4A54-41D6-B443-E717D4067642}.Release|Any CPU.ActiveCfg = Release|Any CPU
		{EB328A3E-4A54-41D6-B443-E717D4067642}.Release|Any CPU.Build.0 = Release|Any CPU
		{CA215B12-2436-45DF-82D6-C49A34A65365}.Debug|Any CPU.ActiveCfg = Debug|Any CPU
		{CA215B12-2436-45DF-82D6-C49A34A65365}.Debug|Any CPU.Build.0 = Debug|Any CPU
		{CA215B12-2436-45DF-82D6-C49A34A65365}.Release_Angular|Any CPU.ActiveCfg = Release|Any CPU
		{CA215B12-2436-45DF-82D6-C49A34A65365}.Release_Angular|Any CPU.Build.0 = Release|Any CPU
		{CA215B12-2436-45DF-82D6-C49A34A65365}.Release|Any CPU.ActiveCfg = Release|Any CPU
		{CA215B12-2436-45DF-82D6-C49A34A65365}.Release|Any CPU.Build.0 = Release|Any CPU
		{B916FD2E-F405-4FB1-989D-302DFB037AC7}.Debug|Any CPU.ActiveCfg = Debug|Any CPU
		{B916FD2E-F405-4FB1-989D-302DFB037AC7}.Debug|Any CPU.Build.0 = Debug|Any CPU
		{B916FD2E-F405-4FB1-989D-302DFB037AC7}.Release_Angular|Any CPU.ActiveCfg = Release|Any CPU
		{B916FD2E-F405-4FB1-989D-302DFB037AC7}.Release_Angular|Any CPU.Build.0 = Release|Any CPU
		{B916FD2E-F405-4FB1-989D-302DFB037AC7}.Release|Any CPU.ActiveCfg = Release|Any CPU
		{B916FD2E-F405-4FB1-989D-302DFB037AC7}.Release|Any CPU.Build.0 = Release|Any CPU
		{3E8307C0-0073-47EB-B0C5-E0F7477E0F39}.Debug|Any CPU.ActiveCfg = Debug|Any CPU
		{3E8307C0-0073-47EB-B0C5-E0F7477E0F39}.Debug|Any CPU.Build.0 = Debug|Any CPU
		{3E8307C0-0073-47EB-B0C5-E0F7477E0F39}.Release_Angular|Any CPU.ActiveCfg = Release|Any CPU
		{3E8307C0-0073-47EB-B0C5-E0F7477E0F39}.Release_Angular|Any CPU.Build.0 = Release|Any CPU
		{3E8307C0-0073-47EB-B0C5-E0F7477E0F39}.Release|Any CPU.ActiveCfg = Release|Any CPU
		{3E8307C0-0073-47EB-B0C5-E0F7477E0F39}.Release|Any CPU.Build.0 = Release|Any CPU
		{A90BE472-2112-4CC2-B648-A1F2313C7D16}.Debug|Any CPU.ActiveCfg = Debug|Any CPU
		{A90BE472-2112-4CC2-B648-A1F2313C7D16}.Debug|Any CPU.Build.0 = Debug|Any CPU
		{A90BE472-2112-4CC2-B648-A1F2313C7D16}.Release_Angular|Any CPU.ActiveCfg = Release|Any CPU
		{A90BE472-2112-4CC2-B648-A1F2313C7D16}.Release_Angular|Any CPU.Build.0 = Release|Any CPU
		{A90BE472-2112-4CC2-B648-A1F2313C7D16}.Release|Any CPU.ActiveCfg = Release|Any CPU
		{A90BE472-2112-4CC2-B648-A1F2313C7D16}.Release|Any CPU.Build.0 = Release|Any CPU
		{8C88C333-754F-4958-9955-2BDC75A1CB86}.Debug|Any CPU.ActiveCfg = Debug|Any CPU
		{8C88C333-754F-4958-9955-2BDC75A1CB86}.Debug|Any CPU.Build.0 = Debug|Any CPU
		{8C88C333-754F-4958-9955-2BDC75A1CB86}.Release_Angular|Any CPU.ActiveCfg = Release|Any CPU
		{8C88C333-754F-4958-9955-2BDC75A1CB86}.Release_Angular|Any CPU.Build.0 = Release|Any CPU
		{8C88C333-754F-4958-9955-2BDC75A1CB86}.Release|Any CPU.ActiveCfg = Release|Any CPU
		{8C88C333-754F-4958-9955-2BDC75A1CB86}.Release|Any CPU.Build.0 = Release|Any CPU
		{F3C2AB0D-2EC0-4517-9BB0-8FE217F307E9}.Debug|Any CPU.ActiveCfg = Debug|Any CPU
		{F3C2AB0D-2EC0-4517-9BB0-8FE217F307E9}.Debug|Any CPU.Build.0 = Debug|Any CPU
		{F3C2AB0D-2EC0-4517-9BB0-8FE217F307E9}.Release_Angular|Any CPU.ActiveCfg = Release|Any CPU
		{F3C2AB0D-2EC0-4517-9BB0-8FE217F307E9}.Release_Angular|Any CPU.Build.0 = Release|Any CPU
		{F3C2AB0D-2EC0-4517-9BB0-8FE217F307E9}.Release|Any CPU.ActiveCfg = Release|Any CPU
		{F3C2AB0D-2EC0-4517-9BB0-8FE217F307E9}.Release|Any CPU.Build.0 = Release|Any CPU
		{B916EABD-3166-44D9-803D-D476EE99F2CA}.Debug|Any CPU.ActiveCfg = Debug|Any CPU
		{B916EABD-3166-44D9-803D-D476EE99F2CA}.Debug|Any CPU.Build.0 = Debug|Any CPU
		{B916EABD-3166-44D9-803D-D476EE99F2CA}.Release_Angular|Any CPU.ActiveCfg = Release|Any CPU
		{B916EABD-3166-44D9-803D-D476EE99F2CA}.Release_Angular|Any CPU.Build.0 = Release|Any CPU
		{B916EABD-3166-44D9-803D-D476EE99F2CA}.Release|Any CPU.ActiveCfg = Release|Any CPU
		{B916EABD-3166-44D9-803D-D476EE99F2CA}.Release|Any CPU.Build.0 = Release|Any CPU
	EndGlobalSection
	GlobalSection(SolutionProperties) = preSolution
		HideSolutionNode = FALSE
	EndGlobalSection
	GlobalSection(NestedProjects) = preSolution
		{BD3A64A2-C74D-4DEE-8371-DA154652D8FB} = {1146F17C-7C04-4BAF-A1A9-ECE793A02B72}
		{F4F8C113-529D-4964-8359-9C28F38F1B6B} = {1146F17C-7C04-4BAF-A1A9-ECE793A02B72}
		{5D7B65A1-391E-4CCF-813C-09A531FEDC5E} = {3C30064D-5726-4EA0-8CB7-4A1DB4875CFC}
		{7B60AA7E-2789-4254-8ACE-5227206DCEDA} = {3C30064D-5726-4EA0-8CB7-4A1DB4875CFC}
		{B916FD2E-F405-4FB1-989D-302DFB037AC7} = {3C30064D-5726-4EA0-8CB7-4A1DB4875CFC}
		{3E8307C0-0073-47EB-B0C5-E0F7477E0F39} = {3C30064D-5726-4EA0-8CB7-4A1DB4875CFC}
		{A90BE472-2112-4CC2-B648-A1F2313C7D16} = {3C30064D-5726-4EA0-8CB7-4A1DB4875CFC}
		{8C88C333-754F-4958-9955-2BDC75A1CB86} = {3C30064D-5726-4EA0-8CB7-4A1DB4875CFC}
		{B916EABD-3166-44D9-803D-D476EE99F2CA} = {3C30064D-5726-4EA0-8CB7-4A1DB4875CFC}
	EndGlobalSection
	GlobalSection(ExtensibilityGlobals) = postSolution
		SolutionGuid = {AE36A636-7DC5-49B4-83F7-B7FF09069E11}
	EndGlobalSection
EndGlobal
